
Microsoft Visual Studio Solution File, Format Version 12.00
# Visual Studio Version 16
VisualStudioVersion = 16.0.32602.291
MinimumVisualStudioVersion = 10.0.40219.1
Project("{8BC9CEB8-8B4A-11D0-8D11-00A0C91BC942}") = "M3DMainDll", "M3DMainDll\M3DMainDll.vcxproj", "{218B2F91-B420-4B91-A876-E63AECE7DFD8}"
EndProject
Project("{8BC9CEB8-8B4A-11D0-8D11-00A0C91BC942}") = "M3DGameLauncher", "M3DGameLauncher\M3DGameLauncher.vcxproj", "{DD238BA2-ABD7-4756-9B05-497B8C9E2B0B}"
	ProjectSection(ProjectDependencies) = postProject
		{218B2F91-B420-4B91-A876-E63AECE7DFD8} = {218B2F91-B420-4B91-A876-E63AECE7DFD8}
	EndProjectSection
EndProject
Project("{8BC9CEB8-8B4A-11D0-8D11-00A0C91BC942}") = "M3DEditor", "M3DEditor\M3DEditor.vcxproj", "{4F257D45-24E9-499A-A4DE-A6CBD8992332}"
EndProject
Global
	GlobalSection(SolutionConfigurationPlatforms) = preSolution
		Debug|x64 = Debug|x64
		Debug|x86 = Debug|x86
		Release|x64 = Release|x64
		Release|x86 = Release|x86
	EndGlobalSection
	GlobalSection(ProjectConfigurationPlatforms) = postSolution
		{218B2F91-B420-4B91-A876-E63AECE7DFD8}.Debug|x64.ActiveCfg = Debug|x64
		{218B2F91-B420-4B91-A876-E63AECE7DFD8}.Debug|x64.Build.0 = Debug|x64
		{218B2F91-B420-4B91-A876-E63AECE7DFD8}.Debug|x86.ActiveCfg = Debug|Win32
		{218B2F91-B420-4B91-A876-E63AECE7DFD8}.Debug|x86.Build.0 = Debug|Win32
		{218B2F91-B420-4B91-A876-E63AECE7DFD8}.Release|x64.ActiveCfg = Release|x64
		{218B2F91-B420-4B91-A876-E63AECE7DFD8}.Release|x64.Build.0 = Release|x64
		{218B2F91-B420-4B91-A876-E63AECE7DFD8}.Release|x86.ActiveCfg = Release|Win32
		{218B2F91-B420-4B91-A876-E63AECE7DFD8}.Release|x86.Build.0 = Release|Win32
		{DD238BA2-ABD7-4756-9B05-497B8C9E2B0B}.Debug|x64.ActiveCfg = Debug|x64
		{DD238BA2-ABD7-4756-9B05-497B8C9E2B0B}.Debug|x64.Build.0 = Debug|x64
		{DD238BA2-ABD7-4756-9B05-497B8C9E2B0B}.Debug|x86.ActiveCfg = Debug|Win32
		{DD238BA2-ABD7-4756-9B05-497B8C9E2B0B}.Debug|x86.Build.0 = Debug|Win32
		{DD238BA2-ABD7-4756-9B05-497B8C9E2B0B}.Release|x64.ActiveCfg = Release|x64
		{DD238BA2-ABD7-4756-9B05-497B8C9E2B0B}.Release|x64.Build.0 = Release|x64
		{DD238BA2-ABD7-4756-9B05-497B8C9E2B0B}.Release|x86.ActiveCfg = Release|Win32
		{DD238BA2-ABD7-4756-9B05-497B8C9E2B0B}.Release|x86.Build.0 = Release|Win32
		{4F257D45-24E9-499A-A4DE-A6CBD8992332}.Debug|x64.ActiveCfg = Debug|x64
		{4F257D45-24E9-499A-A4DE-A6CBD8992332}.Debug|x64.Build.0 = Debug|x64
		{4F257D45-24E9-499A-A4DE-A6CBD8992332}.Debug|x86.ActiveCfg = Debug|Win32
		{4F257D45-24E9-499A-A4DE-A6CBD8992332}.Debug|x86.Build.0 = Debug|Win32
		{4F257D45-24E9-499A-A4DE-A6CBD8992332}.Release|x64.ActiveCfg = Release|x64
		{4F257D45-24E9-499A-A4DE-A6CBD8992332}.Release|x64.Build.0 = Release|x64
		{4F257D45-24E9-499A-A4DE-A6CBD8992332}.Release|x86.ActiveCfg = Release|Win32
		{4F257D45-24E9-499A-A4DE-A6CBD8992332}.Release|x86.Build.0 = Release|Win32
	EndGlobalSection
	GlobalSection(SolutionProperties) = preSolution
		HideSolutionNode = FALSE
	EndGlobalSection
	GlobalSection(ExtensibilityGlobals) = postSolution
		SolutionGuid = {91F3074F-EC93-4F82-BB10-D761879BF14C}
	EndGlobalSection
EndGlobal
